
Microsoft Visual Studio Solution File, Format Version 12.00
# Visual Studio Version 17
VisualStudioVersion = 17.3.32611.2
MinimumVisualStudioVersion = 10.0.40219.1
Project("{FAE04EC0-301F-11D3-BF4B-00C04F79EFBC}") = "test1.Android", "test1\test1.Android\test1.Android.csproj", "{A9803F54-1620-4DA7-A379-C8069D1DF8EB}"
EndProject
Project("{FAE04EC0-301F-11D3-BF4B-00C04F79EFBC}") = "test1.iOS", "test1\test1.iOS\test1.iOS.csproj", "{4F3B110F-1400-4DA1-B1B5-2B418397D26F}"
EndProject
Project("{9A19103F-16F7-4668-BE54-9A1E7A4F7556}") = "Math Game", "test1\test1\Math Game.csproj", "{F2F88EA7-9F1D-4A35-B384-3C97D241DF36}"
EndProject
Global
	GlobalSection(SolutionConfigurationPlatforms) = preSolution
		Debug|Any CPU = Debug|Any CPU
		Debug|iPhone = Debug|iPhone
		Debug|iPhoneSimulator = Debug|iPhoneSimulator
		Release|Any CPU = Release|Any CPU
		Release|iPhone = Release|iPhone
		Release|iPhoneSimulator = Release|iPhoneSimulator
	EndGlobalSection
	GlobalSection(ProjectConfigurationPlatforms) = postSolution
		{A9803F54-1620-4DA7-A379-C8069D1DF8EB}.Debug|Any CPU.ActiveCfg = Debug|Any CPU
		{A9803F54-1620-4DA7-A379-C8069D1DF8EB}.Debug|Any CPU.Build.0 = Debug|Any CPU
		{A9803F54-1620-4DA7-A379-C8069D1DF8EB}.Debug|Any CPU.Deploy.0 = Debug|Any CPU
		{A9803F54-1620-4DA7-A379-C8069D1DF8EB}.Debug|iPhone.ActiveCfg = Debug|Any CPU
		{A9803F54-1620-4DA7-A379-C8069D1DF8EB}.Debug|iPhone.Build.0 = Debug|Any CPU
		{A9803F54-1620-4DA7-A379-C8069D1DF8EB}.Debug|iPhone.Deploy.0 = Debug|Any CPU
		{A9803F54-1620-4DA7-A379-C8069D1DF8EB}.Debug|iPhoneSimulator.ActiveCfg = Debug|Any CPU
		{A9803F54-1620-4DA7-A379-C8069D1DF8EB}.Debug|iPhoneSimulator.Build.0 = Debug|Any CPU
		{A9803F54-1620-4DA7-A379-C8069D1DF8EB}.Debug|iPhoneSimulator.Deploy.0 = Debug|Any CPU
		{A9803F54-1620-4DA7-A379-C8069D1DF8EB}.Release|Any CPU.ActiveCfg = Release|Any CPU
		{A9803F54-1620-4DA7-A379-C8069D1DF8EB}.Release|Any CPU.Build.0 = Release|Any CPU
		{A9803F54-1620-4DA7-A379-C8069D1DF8EB}.Release|Any CPU.Deploy.0 = Release|Any CPU
		{A9803F54-1620-4DA7-A379-C8069D1DF8EB}.Release|iPhone.ActiveCfg = Release|Any CPU
		{A9803F54-1620-4DA7-A379-C8069D1DF8EB}.Release|iPhone.Build.0 = Release|Any CPU
		{A9803F54-1620-4DA7-A379-C8069D1DF8EB}.Release|iPhone.Deploy.0 = Release|Any CPU
		{A9803F54-1620-4DA7-A379-C8069D1DF8EB}.Release|iPhoneSimulator.ActiveCfg = Release|Any CPU
		{A9803F54-1620-4DA7-A379-C8069D1DF8EB}.Release|iPhoneSimulator.Build.0 = Release|Any CPU
		{A9803F54-1620-4DA7-A379-C8069D1DF8EB}.Release|iPhoneSimulator.Deploy.0 = Release|Any CPU
		{4F3B110F-1400-4DA1-B1B5-2B418397D26F}.Debug|Any CPU.ActiveCfg = Debug|iPhone
		{4F3B110F-1400-4DA1-B1B5-2B418397D26F}.Debug|Any CPU.Build.0 = Debug|iPhone
		{4F3B110F-1400-4DA1-B1B5-2B418397D26F}.Debug|Any CPU.Deploy.0 = Debug|iPhone
		{4F3B110F-1400-4DA1-B1B5-2B418397D26F}.Debug|iPhone.ActiveCfg = Debug|iPhone
		{4F3B110F-1400-4DA1-B1B5-2B418397D26F}.Debug|iPhone.Build.0 = Debug|iPhone
		{4F3B110F-1400-4DA1-B1B5-2B418397D26F}.Debug|iPhone.Deploy.0 = Debug|iPhone
		{4F3B110F-1400-4DA1-B1B5-2B418397D26F}.Debug|iPhoneSimulator.ActiveCfg = Debug|iPhoneSimulator
		{4F3B110F-1400-4DA1-B1B5-2B418397D26F}.Debug|iPhoneSimulator.Build.0 = Debug|iPhoneSimulator
		{4F3B110F-1400-4DA1-B1B5-2B418397D26F}.Debug|iPhoneSimulator.Deploy.0 = Debug|iPhoneSimulator
		{4F3B110F-1400-4DA1-B1B5-2B418397D26F}.Release|Any CPU.ActiveCfg = Release|iPhoneSimulator
		{4F3B110F-1400-4DA1-B1B5-2B418397D26F}.Release|Any CPU.Build.0 = Release|iPhoneSimulator
		{4F3B110F-1400-4DA1-B1B5-2B418397D26F}.Release|Any CPU.Deploy.0 = Release|iPhoneSimulator
		{4F3B110F-1400-4DA1-B1B5-2B418397D26F}.Release|iPhone.ActiveCfg = Release|iPhone
		{4F3B110F-1400-4DA1-B1B5-2B418397D26F}.Release|iPhone.Build.0 = Release|iPhone
		{4F3B110F-1400-4DA1-B1B5-2B418397D26F}.Release|iPhone.Deploy.0 = Release|iPhone
		{4F3B110F-1400-4DA1-B1B5-2B418397D26F}.Release|iPhoneSimulator.ActiveCfg = Release|iPhoneSimulator
		{4F3B110F-1400-4DA1-B1B5-2B418397D26F}.Release|iPhoneSimulator.Build.0 = Release|iPhoneSimulator
		{4F3B110F-1400-4DA1-B1B5-2B418397D26F}.Release|iPhoneSimulator.Deploy.0 = Release|iPhoneSimulator
		{F2F88EA7-9F1D-4A35-B384-3C97D241DF36}.Debug|Any CPU.ActiveCfg = Debug|Any CPU
		{F2F88EA7-9F1D-4A35-B384-3C97D241DF36}.Debug|Any CPU.Build.0 = Debug|Any CPU
		{F2F88EA7-9F1D-4A35-B384-3C97D241DF36}.Debug|Any CPU.Deploy.0 = Debug|Any CPU
		{F2F88EA7-9F1D-4A35-B384-3C97D241DF36}.Debug|iPhone.ActiveCfg = Debug|Any CPU
		{F2F88EA7-9F1D-4A35-B384-3C97D241DF36}.Debug|iPhone.Build.0 = Debug|Any CPU
		{F2F88EA7-9F1D-4A35-B384-3C97D241DF36}.Debug|iPhone.Deploy.0 = Debug|Any CPU
		{F2F88EA7-9F1D-4A35-B384-3C97D241DF36}.Debug|iPhoneSimulator.ActiveCfg = Debug|Any CPU
		{F2F88EA7-9F1D-4A35-B384-3C97D241DF36}.Debug|iPhoneSimulator.Build.0 = Debug|Any CPU
		{F2F88EA7-9F1D-4A35-B384-3C97D241DF36}.Debug|iPhoneSimulator.Deploy.0 = Debug|Any CPU
		{F2F88EA7-9F1D-4A35-B384-3C97D241DF36}.Release|Any CPU.ActiveCfg = Release|Any CPU
		{F2F88EA7-9F1D-4A35-B384-3C97D241DF36}.Release|Any CPU.Build.0 = Release|Any CPU
		{F2F88EA7-9F1D-4A35-B384-3C97D241DF36}.Release|Any CPU.Deploy.0 = Release|Any CPU
		{F2F88EA7-9F1D-4A35-B384-3C97D241DF36}.Release|iPhone.ActiveCfg = Release|Any CPU
		{F2F88EA7-9F1D-4A35-B384-3C97D241DF36}.Release|iPhone.Build.0 = Release|Any CPU
		{F2F88EA7-9F1D-4A35-B384-3C97D241DF36}.Release|iPhone.Deploy.0 = Release|Any CPU
		{F2F88EA7-9F1D-4A35-B384-3C97D241DF36}.Release|iPhoneSimulator.ActiveCfg = Release|Any CPU
		{F2F88EA7-9F1D-4A35-B384-3C97D241DF36}.Release|iPhoneSimulator.Build.0 = Release|Any CPU
		{F2F88EA7-9F1D-4A35-B384-3C97D241DF36}.Release|iPhoneSimulator.Deploy.0 = Release|Any CPU
	EndGlobalSection
	GlobalSection(SolutionProperties) = preSolution
		HideSolutionNode = FALSE
	EndGlobalSection
	GlobalSection(ExtensibilityGlobals) = postSolution
		SolutionGuid = {D3839C40-D746-4878-BAE2-7A6DFCFF0275}
	EndGlobalSection
EndGlobal
